
Microsoft Visual Studio Solution File, Format Version 12.00
# Visual Studio 15
VisualStudioVersion = 15.0.26430.15
MinimumVisualStudioVersion = 10.0.40219.1
Project("{FAE04EC0-301F-11D3-BF4B-00C04F79EFBC}") = "GitWebApp", "GitWebApp\GitWebApp.csproj", "{661BE9E7-09D6-433F-BD98-118754F63493}"
EndProject
Project("{FAE04EC0-301F-11D3-BF4B-00C04F79EFBC}") = "GitWebApp.Tests", "GitWebApp.Tests\GitWebApp.Tests.csproj", "{60C9F9A6-22D9-45A2-A313-2449518E46BD}"
EndProject
Global
	GlobalSection(SolutionConfigurationPlatforms) = preSolution
		Debug|Any CPU = Debug|Any CPU
		Release|Any CPU = Release|Any CPU
	EndGlobalSection
	GlobalSection(ProjectConfigurationPlatforms) = postSolution
		{661BE9E7-09D6-433F-BD98-118754F63493}.Debug|Any CPU.ActiveCfg = Debug|Any CPU
		{661BE9E7-09D6-433F-BD98-118754F63493}.Debug|Any CPU.Build.0 = Debug|Any CPU
		{661BE9E7-09D6-433F-BD98-118754F63493}.Release|Any CPU.ActiveCfg = Release|Any CPU
		{661BE9E7-09D6-433F-BD98-118754F63493}.Release|Any CPU.Build.0 = Release|Any CPU
		{60C9F9A6-22D9-45A2-A313-2449518E46BD}.Debug|Any CPU.ActiveCfg = Debug|Any CPU
		{60C9F9A6-22D9-45A2-A313-2449518E46BD}.Debug|Any CPU.Build.0 = Debug|Any CPU
		{60C9F9A6-22D9-45A2-A313-2449518E46BD}.Release|Any CPU.ActiveCfg = Release|Any CPU
		{60C9F9A6-22D9-45A2-A313-2449518E46BD}.Release|Any CPU.Build.0 = Release|Any CPU
	EndGlobalSection
	GlobalSection(SolutionProperties) = preSolution
		HideSolutionNode = FALSE
	EndGlobalSection
EndGlobal
